
Microsoft Visual Studio Solution File, Format Version 12.00
# Visual Studio Version 17
VisualStudioVersion = 17.1.31911.260
MinimumVisualStudioVersion = 10.0.40219.1
Project("{FAE04EC0-301F-11D3-BF4B-00C04F79EFBC}") = "ConditionalCompilation", "ConditionalCompilation\ConditionalCompilation.csproj", "{02C0FD28-8968-47B1-8CAE-0A80CC219A6E}"
EndProject
Project("{FAE04EC0-301F-11D3-BF4B-00C04F79EFBC}") = "ConditionalCompilation_VenueNoLocation", "ConditionalCompilation_VenueNoLocation\ConditionalCompilation_VenueNoLocation.csproj", "{D86CEE62-D070-43DB-BFCA-9E16009BE04F}"
EndProject
Project("{FAE04EC0-301F-11D3-BF4B-00C04F79EFBC}") = "ConditionalCompilation_VenueLocation", "ConditionalCompilation_VenueLocation\ConditionalCompilation_VenueLocation.csproj", "{D1189818-8664-439A-A9E9-39E45BA223C2}"
EndProject
Global
	GlobalSection(SolutionConfigurationPlatforms) = preSolution
		Debug|Any CPU = Debug|Any CPU
		Release|Any CPU = Release|Any CPU
	EndGlobalSection
	GlobalSection(ProjectConfigurationPlatforms) = postSolution
		{02C0FD28-8968-47B1-8CAE-0A80CC219A6E}.Debug|Any CPU.ActiveCfg = Debug|Any CPU
		{02C0FD28-8968-47B1-8CAE-0A80CC219A6E}.Debug|Any CPU.Build.0 = Debug|Any CPU
		{02C0FD28-8968-47B1-8CAE-0A80CC219A6E}.Release|Any CPU.ActiveCfg = Release|Any CPU
		{02C0FD28-8968-47B1-8CAE-0A80CC219A6E}.Release|Any CPU.Build.0 = Release|Any CPU
		{D86CEE62-D070-43DB-BFCA-9E16009BE04F}.Debug|Any CPU.ActiveCfg = Debug|Any CPU
		{D86CEE62-D070-43DB-BFCA-9E16009BE04F}.Debug|Any CPU.Build.0 = Debug|Any CPU
		{D86CEE62-D070-43DB-BFCA-9E16009BE04F}.Release|Any CPU.ActiveCfg = Release|Any CPU
		{D86CEE62-D070-43DB-BFCA-9E16009BE04F}.Release|Any CPU.Build.0 = Release|Any CPU
		{D1189818-8664-439A-A9E9-39E45BA223C2}.Debug|Any CPU.ActiveCfg = Debug|Any CPU
		{D1189818-8664-439A-A9E9-39E45BA223C2}.Debug|Any CPU.Build.0 = Debug|Any CPU
		{D1189818-8664-439A-A9E9-39E45BA223C2}.Release|Any CPU.ActiveCfg = Release|Any CPU
		{D1189818-8664-439A-A9E9-39E45BA223C2}.Release|Any CPU.Build.0 = Release|Any CPU
	EndGlobalSection
	GlobalSection(SolutionProperties) = preSolution
		HideSolutionNode = FALSE
	EndGlobalSection
	GlobalSection(ExtensibilityGlobals) = postSolution
		SolutionGuid = {7A067C89-61A7-4763-A4CC-268B49558E0F}
	EndGlobalSection
EndGlobal
